
Microsoft Visual Studio Solution File, Format Version 12.00
# Visual Studio Version 16
VisualStudioVersion = 16.0.30204.135
MinimumVisualStudioVersion = 10.0.40219.1
Project("{FAE04EC0-301F-11D3-BF4B-00C04F79EFBC}") = "ApiManagent", "ApiManagent\ApiManagent.csproj", "{3DF73E40-0E46-4C89-AF57-0DC37F18B926}"
EndProject
Project("{FAE04EC0-301F-11D3-BF4B-00C04F79EFBC}") = "DataAccess", "DataAccess\DataAccess.csproj", "{9C7A4694-8FE2-424C-94C7-386840DAB5A2}"
EndProject
Global
	GlobalSection(SolutionConfigurationPlatforms) = preSolution
		Debug|Any CPU = Debug|Any CPU
		Release|Any CPU = Release|Any CPU
	EndGlobalSection
	GlobalSection(ProjectConfigurationPlatforms) = postSolution
		{3DF73E40-0E46-4C89-AF57-0DC37F18B926}.Debug|Any CPU.ActiveCfg = Debug|Any CPU
		{3DF73E40-0E46-4C89-AF57-0DC37F18B926}.Debug|Any CPU.Build.0 = Debug|Any CPU
		{3DF73E40-0E46-4C89-AF57-0DC37F18B926}.Release|Any CPU.ActiveCfg = Release|Any CPU
		{3DF73E40-0E46-4C89-AF57-0DC37F18B926}.Release|Any CPU.Build.0 = Release|Any CPU
		{9C7A4694-8FE2-424C-94C7-386840DAB5A2}.Debug|Any CPU.ActiveCfg = Debug|Any CPU
		{9C7A4694-8FE2-424C-94C7-386840DAB5A2}.Debug|Any CPU.Build.0 = Debug|Any CPU
		{9C7A4694-8FE2-424C-94C7-386840DAB5A2}.Release|Any CPU.ActiveCfg = Release|Any CPU
		{9C7A4694-8FE2-424C-94C7-386840DAB5A2}.Release|Any CPU.Build.0 = Release|Any CPU
	EndGlobalSection
	GlobalSection(SolutionProperties) = preSolution
		HideSolutionNode = FALSE
	EndGlobalSection
	GlobalSection(ExtensibilityGlobals) = postSolution
		SolutionGuid = {20CA36DA-7D93-49CC-B05B-F3AF306DF6D9}
	EndGlobalSection
EndGlobal
